// !$*UTF8*$!
{
	archiveVersion = 1;
	classes = {
	};
	objectVersion = 50;
	objects = {

/* Begin PBXBuildFile section */
		1A2ACAC148B2DBA1C220A5E8 /* libPods-Hlaihel_Amin_GiftGenerator.a in Frameworks */ = {isa = PBXBuildFile; fileRef = 1F56789D5ECB8C052DAD92B3 /* libPods-Hlaihel_Amin_GiftGenerator.a */; };
		AA0AE78321D6C29600880425 /* MapViewController.swift in Sources */ = {isa = PBXBuildFile; fileRef = AA0AE78221D6C29500880425 /* MapViewController.swift */; };
		AA959F1C21D6DA0500AB21FA /* Images.xcassets in Resources */ = {isa = PBXBuildFile; fileRef = AA959F1B21D6DA0500AB21FA /* Images.xcassets */; };
		AA959F1E21D6DAE400AB21FA /* Images-2.xcassets in Resources */ = {isa = PBXBuildFile; fileRef = AA959F1D21D6DAE400AB21FA /* Images-2.xcassets */; };
		AAFC9EFB21D6ACD600CABC17 /* AppDelegate.swift in Sources */ = {isa = PBXBuildFile; fileRef = AAFC9EFA21D6ACD600CABC17 /* AppDelegate.swift */; };
		AAFC9EFD21D6ACD600CABC17 /* ViewController.swift in Sources */ = {isa = PBXBuildFile; fileRef = AAFC9EFC21D6ACD600CABC17 /* ViewController.swift */; };
		AAFC9F0021D6ACD600CABC17 /* Main.storyboard in Resources */ = {isa = PBXBuildFile; fileRef = AAFC9EFE21D6ACD600CABC17 /* Main.storyboard */; };
		AAFC9F0221D6ACE000CABC17 /* launcher_icon.png in Resources */ = {isa = PBXBuildFile; fileRef = AAFC9F0121D6ACE000CABC17 /* launcher_icon.png */; };
		AAFC9F0521D6ACE000CABC17 /* LaunchScreen.storyboard in Resources */ = {isa = PBXBuildFile; fileRef = AAFC9F0321D6ACE000CABC17 /* LaunchScreen.storyboard */; };
/* End PBXBuildFile section */

/* Begin PBXFileReference section */
		1F56789D5ECB8C052DAD92B3 /* libPods-Hlaihel_Amin_GiftGenerator.a */ = {isa = PBXFileReference; explicitFileType = archive.ar; includeInIndex = 0; path = "libPods-Hlaihel_Amin_GiftGenerator.a"; sourceTree = BUILT_PRODUCTS_DIR; };
		5D9F72731F4439EEC1C9F512 /* Pods-Hlaihel_Amin_GiftGenerator.release.xcconfig */ = {isa = PBXFileReference; includeInIndex = 1; lastKnownFileType = text.xcconfig; name = "Pods-Hlaihel_Amin_GiftGenerator.release.xcconfig"; path = "Pods/Target Support Files/Pods-Hlaihel_Amin_GiftGenerator/Pods-Hlaihel_Amin_GiftGenerator.release.xcconfig"; sourceTree = "<group>"; };
		8F6C640B2003B96BEBE1D73F /* Pods-Hlaihel_Amin_GiftGenerator.debug.xcconfig */ = {isa = PBXFileReference; includeInIndex = 1; lastKnownFileType = text.xcconfig; name = "Pods-Hlaihel_Amin_GiftGenerator.debug.xcconfig"; path = "Pods/Target Support Files/Pods-Hlaihel_Amin_GiftGenerator/Pods-Hlaihel_Amin_GiftGenerator.debug.xcconfig"; sourceTree = "<group>"; };
		AA0AE78221D6C29500880425 /* MapViewController.swift */ = {isa = PBXFileReference; lastKnownFileType = sourcecode.swift; path = MapViewController.swift; sourceTree = "<group>"; };
		AA959F1B21D6DA0500AB21FA /* Images.xcassets */ = {isa = PBXFileReference; lastKnownFileType = folder.assetcatalog; path = Images.xcassets; sourceTree = "<group>"; };
		AA959F1D21D6DAE400AB21FA /* Images-2.xcassets */ = {isa = PBXFileReference; lastKnownFileType = folder.assetcatalog; path = "Images-2.xcassets"; sourceTree = "<group>"; };
		AAFC9EF721D6ACD600CABC17 /* Hlaihel_Amin_GiftGenerator.app */ = {isa = PBXFileReference; explicitFileType = wrapper.application; includeInIndex = 0; path = Hlaihel_Amin_GiftGenerator.app; sourceTree = BUILT_PRODUCTS_DIR; };
		AAFC9EFA21D6ACD600CABC17 /* AppDelegate.swift */ = {isa = PBXFileReference; lastKnownFileType = sourcecode.swift; path = AppDelegate.swift; sourceTree = "<group>"; };
		AAFC9EFC21D6ACD600CABC17 /* ViewController.swift */ = {isa = PBXFileReference; lastKnownFileType = sourcecode.swift; path = ViewController.swift; sourceTree = "<group>"; };
		AAFC9EFF21D6ACD600CABC17 /* Base */ = {isa = PBXFileReference; lastKnownFileType = file.storyboard; name = Base; path = Base.lproj/Main.storyboard; sourceTree = "<group>"; };
		AAFC9F0121D6ACE000CABC17 /* launcher_icon.png */ = {isa = PBXFileReference; lastKnownFileType = image.png; name = launcher_icon.png; path = ../../../Downloads/launcher_icon.png; sourceTree = "<group>"; };
		AAFC9F0421D6ACE000CABC17 /* Base */ = {isa = PBXFileReference; lastKnownFileType = file.storyboard; name = Base; path = Base.lproj/LaunchScreen.storyboard; sourceTree = "<group>"; };
		AAFC9F0621D6ACE000CABC17 /* Info.plist */ = {isa = PBXFileReference; lastKnownFileType = text.plist.xml; path = Info.plist; sourceTree = "<group>"; };
/* End PBXFileReference section */

/* Begin PBXFrameworksBuildPhase section */
		AAFC9EF421D6ACD600CABC17 /* Frameworks */ = {
			isa = PBXFrameworksBuildPhase;
			buildActionMask = 2147483647;
			files = (
				1A2ACAC148B2DBA1C220A5E8 /* libPods-Hlaihel_Amin_GiftGenerator.a in Frameworks */,
			);
			runOnlyForDeploymentPostprocessing = 0;
		};
/* End PBXFrameworksBuildPhase section */

/* Begin PBXGroup section */
		38C5A58095BB10F627142D1F /* Pods */ = {
			isa = PBXGroup;
			children = (
				8F6C640B2003B96BEBE1D73F /* Pods-Hlaihel_Amin_GiftGenerator.debug.xcconfig */,
				5D9F72731F4439EEC1C9F512 /* Pods-Hlaihel_Amin_GiftGenerator.release.xcconfig */,
			);
			name = Pods;
			sourceTree = "<group>";
		};
		77E84E03F1FEED45F4237BFE /* Frameworks */ = {
			isa = PBXGroup;
			children = (
				1F56789D5ECB8C052DAD92B3 /* libPods-Hlaihel_Amin_GiftGenerator.a */,
			);
			name = Frameworks;
			sourceTree = "<group>";
		};
		AAFC9EEE21D6ACD600CABC17 = {
			isa = PBXGroup;
			children = (
				AAFC9EF921D6ACD600CABC17 /* Hlaihel_Amin_GiftGenerator */,
				AAFC9EF821D6ACD600CABC17 /* Products */,
				38C5A58095BB10F627142D1F /* Pods */,
				77E84E03F1FEED45F4237BFE /* Frameworks */,
			);
			sourceTree = "<group>";
		};
		AAFC9EF821D6ACD600CABC17 /* Products */ = {
			isa = PBXGroup;
			children = (
				AAFC9EF721D6ACD600CABC17 /* Hlaihel_Amin_GiftGenerator.app */,
			);
			name = Products;
			sourceTree = "<group>";
		};
		AAFC9EF921D6ACD600CABC17 /* Hlaihel_Amin_GiftGenerator */ = {
			isa = PBXGroup;
			children = (
				AAFC9EFA21D6ACD600CABC17 /* AppDelegate.swift */,
				AAFC9EFC21D6ACD600CABC17 /* ViewController.swift */,
				AAFC9EFE21D6ACD600CABC17 /* Main.storyboard */,
				AA0AE78221D6C29500880425 /* MapViewController.swift */,
				AAFC9F0121D6ACE000CABC17 /* launcher_icon.png */,
				AAFC9F0321D6ACE000CABC17 /* LaunchScreen.storyboard */,
				AAFC9F0621D6ACE000CABC17 /* Info.plist */,
				AA959F1B21D6DA0500AB21FA /* Images.xcassets */,
				AA959F1D21D6DAE400AB21FA /* Images-2.xcassets */,
			);
			path = Hlaihel_Amin_GiftGenerator;
			sourceTree = "<group>";
		};
/* End PBXGroup section */

/* Begin PBXNativeTarget section */
		AAFC9EF621D6ACD600CABC17 /* Hlaihel_Amin_GiftGenerator */ = {
			isa = PBXNativeTarget;
			buildConfigurationList = AAFC9F0921D6ACE000CABC17 /* Build configuration list for PBXNativeTarget "Hlaihel_Amin_GiftGenerator" */;
			buildPhases = (
				ECF03E3C8A3528CC6B3BC5E3 /* [CP] Check Pods Manifest.lock */,
				AAFC9EF321D6ACD600CABC17 /* Sources */,
				AAFC9EF421D6ACD600CABC17 /* Frameworks */,
				AAFC9EF521D6ACD600CABC17 /* Resources */,
				077BF034BF28854D35DC7BA1 /* [CP] Copy Pods Resources */,
			);
			buildRules = (
			);
			dependencies = (
			);
			name = Hlaihel_Amin_GiftGenerator;
			productName = Hlaihel_Amin_GiftGenerator;
			productReference = AAFC9EF721D6ACD600CABC17 /* Hlaihel_Amin_GiftGenerator.app */;
			productType = "com.apple.product-type.application";
		};
/* End PBXNativeTarget section */

/* Begin PBXProject section */
		AAFC9EEF21D6ACD600CABC17 /* Project object */ = {
			isa = PBXProject;
			attributes = {
				LastSwiftUpdateCheck = 1010;
				LastUpgradeCheck = 1010;
				ORGANIZATIONNAME = IF26;
				TargetAttributes = {
					AAFC9EF621D6ACD600CABC17 = {
						CreatedOnToolsVersion = 10.1;
					};
				};
			};
			buildConfigurationList = AAFC9EF221D6ACD600CABC17 /* Build configuration list for PBXProject "Hlaihel_Amin_GiftGenerator" */;
			compatibilityVersion = "Xcode 9.3";
			developmentRegion = en;
			hasScannedForEncodings = 0;
			knownRegions = (
				en,
				Base,
			);
			mainGroup = AAFC9EEE21D6ACD600CABC17;
			productRefGroup = AAFC9EF821D6ACD600CABC17 /* Products */;
			projectDirPath = "";
			projectRoot = "";
			targets = (
				AAFC9EF621D6ACD600CABC17 /* Hlaihel_Amin_GiftGenerator */,
			);
		};
/* End PBXProject section */

/* Begin PBXResourcesBuildPhase section */
		AAFC9EF521D6ACD600CABC17 /* Resources */ = {
			isa = PBXResourcesBuildPhase;
			buildActionMask = 2147483647;
			files = (
				AAFC9F0521D6ACE000CABC17 /* LaunchScreen.storyboard in Resources */,
				AA959F1C21D6DA0500AB21FA /* Images.xcassets in Resources */,
				AAFC9F0221D6ACE000CABC17 /* launcher_icon.png in Resources */,
				AA959F1E21D6DAE400AB21FA /* Images-2.xcassets in Resources */,
				AAFC9F0021D6ACD600CABC17 /* Main.storyboard in Resources */,
			);
			runOnlyForDeploymentPostprocessing = 0;
		};
/* End PBXResourcesBuildPhase section */

/* Begin PBXShellScriptBuildPhase section */
		077BF034BF28854D35DC7BA1 /* [CP] Copy Pods Resources */ = {
			isa = PBXShellScriptBuildPhase;
			buildActionMask = 2147483647;
			files = (
			);
			inputFileListPaths = (
			);
			inputPaths = (
				"${SRCROOT}/Pods/Target Support Files/Pods-Hlaihel_Amin_GiftGenerator/Pods-Hlaihel_Amin_GiftGenerator-resources.sh",
				"${PODS_ROOT}/GoogleMaps/Maps/Frameworks/GoogleMaps.framework/Resources/GoogleMaps.bundle",
				"${PODS_ROOT}/GooglePlaces/Frameworks/GooglePlaces.framework/Resources/GooglePlaces.bundle",
			);
			name = "[CP] Copy Pods Resources";
			outputFileListPaths = (
			);
			outputPaths = (
				"${TARGET_BUILD_DIR}/${UNLOCALIZED_RESOURCES_FOLDER_PATH}/GoogleMaps.bundle",
				"${TARGET_BUILD_DIR}/${UNLOCALIZED_RESOURCES_FOLDER_PATH}/GooglePlaces.bundle",
			);
			runOnlyForDeploymentPostprocessing = 0;
			shellPath = /bin/sh;
			shellScript = "\"${SRCROOT}/Pods/Target Support Files/Pods-Hlaihel_Amin_GiftGenerator/Pods-Hlaihel_Amin_GiftGenerator-resources.sh\"\n";
			showEnvVarsInLog = 0;
		};
		ECF03E3C8A3528CC6B3BC5E3 /* [CP] Check Pods Manifest.lock */ = {
			isa = PBXShellScriptBuildPhase;
			buildActionMask = 2147483647;
			files = (
			);
			inputFileListPaths = (
			);
			inputPaths = (
				"${PODS_PODFILE_DIR_PATH}/Podfile.lock",
				"${PODS_ROOT}/Manifest.lock",
			);
			name = "[CP] Check Pods Manifest.lock";
			outputFileListPaths = (
			);
			outputPaths = (
				"$(DERIVED_FILE_DIR)/Pods-Hlaihel_Amin_GiftGenerator-checkManifestLockResult.txt",
			);
			runOnlyForDeploymentPostprocessing = 0;
			shellPath = /bin/sh;
			shellScript = "diff \"${PODS_PODFILE_DIR_PATH}/Podfile.lock\" \"${PODS_ROOT}/Manifest.lock\" > /dev/null\nif [ $? != 0 ] ; then\n    # print error to STDERR\n    echo \"error: The sandbox is not in sync with the Podfile.lock. Run 'pod install' or update your CocoaPods installation.\" >&2\n    exit 1\nfi\n# This output is used by Xcode 'outputs' to avoid re-running this script phase.\necho \"SUCCESS\" > \"${SCRIPT_OUTPUT_FILE_0}\"\n";
			showEnvVarsInLog = 0;
		};
/* End PBXShellScriptBuildPhase section */

/* Begin PBXSourcesBuildPhase section */
		AAFC9EF321D6ACD600CABC17 /* Sources */ = {
			isa = PBXSourcesBuildPhase;
			buildActionMask = 2147483647;
			files = (
				AAFC9EFD21D6ACD600CABC17 /* ViewController.swift in Sources */,
				AA0AE78321D6C29600880425 /* MapViewController.swift in Sources */,
				AAFC9EFB21D6ACD600CABC17 /* AppDelegate.swift in Sources */,
			);
			runOnlyForDeploymentPostprocessing = 0;
		};
/* End PBXSourcesBuildPhase section */

/* Begin PBXVariantGroup section */
		AAFC9EFE21D6ACD600CABC17 /* Main.storyboard */ = {
			isa = PBXVariantGroup;
			children = (
				AAFC9EFF21D6ACD600CABC17 /* Base */,
			);
			name = Main.storyboard;
			sourceTree = "<group>";
		};
		AAFC9F0321D6ACE000CABC17 /* LaunchScreen.storyboard */ = {
			isa = PBXVariantGroup;
			children = (
				AAFC9F0421D6ACE000CABC17 /* Base */,
			);
			name = LaunchScreen.storyboard;
			sourceTree = "<group>";
		};
/* End PBXVariantGroup section */

/* Begin XCBuildConfiguration section */
		AAFC9F0721D6ACE000CABC17 /* Debug */ = {
			isa = XCBuildConfiguration;
			buildSettings = {
				ALWAYS_SEARCH_USER_PATHS = NO;
				CLANG_ANALYZER_NONNULL = YES;
				CLANG_ANALYZER_NUMBER_OBJECT_CONVERSION = YES_AGGRESSIVE;
				CLANG_CXX_LANGUAGE_STANDARD = "gnu++14";
				CLANG_CXX_LIBRARY = "libc++";
				CLANG_ENABLE_MODULES = YES;
				CLANG_ENABLE_OBJC_ARC = YES;
				CLANG_ENABLE_OBJC_WEAK = YES;
				CLANG_WARN_BLOCK_CAPTURE_AUTORELEASING = YES;
				CLANG_WARN_BOOL_CONVERSION = YES;
				CLANG_WARN_COMMA = YES;
				CLANG_WARN_CONSTANT_CONVERSION = YES;
				CLANG_WARN_DEPRECATED_OBJC_IMPLEMENTATIONS = YES;
				CLANG_WARN_DIRECT_OBJC_ISA_USAGE = YES_ERROR;
				CLANG_WARN_DOCUMENTATION_COMMENTS = YES;
				CLANG_WARN_EMPTY_BODY = YES;
				CLANG_WARN_ENUM_CONVERSION = YES;
				CLANG_WARN_INFINITE_RECURSION = YES;
				CLANG_WARN_INT_CONVERSION = YES;
				CLANG_WARN_NON_LITERAL_NULL_CONVERSION = YES;
				CLANG_WARN_OBJC_IMPLICIT_RETAIN_SELF = YES;
				CLANG_WARN_OBJC_LITERAL_CONVERSION = YES;
				CLANG_WARN_OBJC_ROOT_CLASS = YES_ERROR;
				CLANG_WARN_RANGE_LOOP_ANALYSIS = YES;
				CLANG_WARN_STRICT_PROTOTYPES = YES;
				CLANG_WARN_SUSPICIOUS_MOVE = YES;
				CLANG_WARN_UNGUARDED_AVAILABILITY = YES_AGGRESSIVE;
				CLANG_WARN_UNREACHABLE_CODE = YES;
				CLANG_WARN__DUPLICATE_METHOD_MATCH = YES;
				CODE_SIGN_IDENTITY = "iPhone Developer";
				COPY_PHASE_STRIP = NO;
				DEBUG_INFORMATION_FORMAT = dwarf;
				ENABLE_STRICT_OBJC_MSGSEND = YES;
				ENABLE_TESTABILITY = YES;
				GCC_C_LANGUAGE_STANDARD = gnu11;
				GCC_DYNAMIC_NO_PIC = NO;
				GCC_NO_COMMON_BLOCKS = YES;
				GCC_OPTIMIZATION_LEVEL = 0;
				GCC_PREPROCESSOR_DEFINITIONS = (
					"DEBUG=1",
					"$(inherited)",
				);
				GCC_WARN_64_TO_32_BIT_CONVERSION = YES;
				GCC_WARN_ABOUT_RETURN_TYPE = YES_ERROR;
				GCC_WARN_UNDECLARED_SELECTOR = YES;
				GCC_WARN_UNINITIALIZED_AUTOS = YES_AGGRESSIVE;
				GCC_WARN_UNUSED_FUNCTION = YES;
				GCC_WARN_UNUSED_VARIABLE = YES;
				IPHONEOS_DEPLOYMENT_TARGET = 12.1;
				MTL_ENABLE_DEBUG_INFO = INCLUDE_SOURCE;
				MTL_FAST_MATH = YES;
				ONLY_ACTIVE_ARCH = YES;
				SDKROOT = iphoneos;
				SWIFT_ACTIVE_COMPILATION_CONDITIONS = DEBUG;
				SWIFT_OPTIMIZATION_LEVEL = "-Onone";
			};
			name = Debug;
		};
		AAFC9F0821D6ACE000CABC17 /* Release */ = {
			isa = XCBuildConfiguration;
			buildSettings = {
				ALWAYS_SEARCH_USER_PATHS = NO;
				CLANG_ANALYZER_NONNULL = YES;
				CLANG_ANALYZER_NUMBER_OBJECT_CONVERSION = YES_AGGRESSIVE;
				CLANG_CXX_LANGUAGE_STANDARD = "gnu++14";
				CLANG_CXX_LIBRARY = "libc++";
				CLANG_ENABLE_MODULES = YES;
				CLANG_ENABLE_OBJC_ARC = YES;
				CLANG_ENABLE_OBJC_WEAK = YES;
				CLANG_WARN_BLOCK_CAPTURE_AUTORELEASING = YES;
				CLANG_WARN_BOOL_CONVERSION = YES;
				CLANG_WARN_COMMA = YES;
				CLANG_WARN_CONSTANT_CONVERSION = YES;
				CLANG_WARN_DEPRECATED_OBJC_IMPLEMENTATIONS = YES;
				CLANG_WARN_DIRECT_OBJC_ISA_USAGE = YES_ERROR;
				CLANG_WARN_DOCUMENTATION_COMMENTS = YES;
				CLANG_WARN_EMPTY_BODY = YES;
				CLANG_WARN_ENUM_CONVERSION = YES;
				CLANG_WARN_INFINITE_RECURSION = YES;
				CLANG_WARN_INT_CONVERSION = YES;
				CLANG_WARN_NON_LITERAL_NULL_CONVERSION = YES;
				CLANG_WARN_OBJC_IMPLICIT_RETAIN_SELF = YES;
				CLANG_WARN_OBJC_LITERAL_CONVERSION = YES;
				CLANG_WARN_OBJC_ROOT_CLASS = YES_ERROR;
				CLANG_WARN_RANGE_LOOP_ANALYSIS = YES;
				CLANG_WARN_STRICT_PROTOTYPES = YES;
				CLANG_WARN_SUSPICIOUS_MOVE = YES;
				CLANG_WARN_UNGUARDED_AVAILABILITY = YES_AGGRESSIVE;
				CLANG_WARN_UNREACHABLE_CODE = YES;
				CLANG_WARN__DUPLICATE_METHOD_MATCH = YES;
				CODE_SIGN_IDENTITY = "iPhone Developer";
				COPY_PHASE_STRIP = NO;
				DEBUG_INFORMATION_FORMAT = "dwarf-with-dsym";
				ENABLE_NS_ASSERTIONS = NO;
				ENABLE_STRICT_OBJC_MSGSEND = YES;
				GCC_C_LANGUAGE_STANDARD = gnu11;
				GCC_NO_COMMON_BLOCKS = YES;
				GCC_WARN_64_TO_32_BIT_CONVERSION = YES;
				GCC_WARN_ABOUT_RETURN_TYPE = YES_ERROR;
				GCC_WARN_UNDECLARED_SELECTOR = YES;
				GCC_WARN_UNINITIALIZED_AUTOS = YES_AGGRESSIVE;
				GCC_WARN_UNUSED_FUNCTION = YES;
				GCC_WARN_UNUSED_VARIABLE = YES;
				IPHONEOS_DEPLOYMENT_TARGET = 12.1;
				MTL_ENABLE_DEBUG_INFO = NO;
				MTL_FAST_MATH = YES;
				SDKROOT = iphoneos;
				SWIFT_COMPILATION_MODE = wholemodule;
				SWIFT_OPTIMIZATION_LEVEL = "-O";
				VALIDATE_PRODUCT = YES;
			};
			name = Release;
		};
		AAFC9F0A21D6ACE000CABC17 /* Debug */ = {
			isa = XCBuildConfiguration;
			baseConfigurationReference = 8F6C640B2003B96BEBE1D73F /* Pods-Hlaihel_Amin_GiftGenerator.debug.xcconfig */;
			buildSettings = {
				CODE_SIGN_STYLE = Automatic;
				INFOPLIST_FILE = Hlaihel_Amin_GiftGenerator/Info.plist;
				LD_RUNPATH_SEARCH_PATHS = (
					"$(inherited)",
					"@executable_path/Frameworks",
				);
				PRODUCT_BUNDLE_IDENTIFIER = "fr.utt.if26.Hlaihel-Amin-GiftGenerator";
				PRODUCT_NAME = "$(TARGET_NAME)";
				SWIFT_VERSION = 4.2;
				TARGETED_DEVICE_FAMILY = "1,2";
			};
			name = Debug;
		};
		AAFC9F0B21D6ACE000CABC17 /* Release */ = {
			isa = XCBuildConfiguration;
			baseConfigurationReference = 5D9F72731F4439EEC1C9F512 /* Pods-Hlaihel_Amin_GiftGenerator.release.xcconfig */;
			buildSettings = {
				CODE_SIGN_STYLE = Automatic;
				INFOPLIST_FILE = Hlaihel_Amin_GiftGenerator/Info.plist;
				LD_RUNPATH_SEARCH_PATHS = (
					"$(inherited)",
					"@executable_path/Frameworks",
				);
				PRODUCT_BUNDLE_IDENTIFIER = "fr.utt.if26.Hlaihel-Amin-GiftGenerator";
				PRODUCT_NAME = "$(TARGET_NAME)";
				SWIFT_VERSION = 4.2;
				TARGETED_DEVICE_FAMILY = "1,2";
			};
			name = Release;
		};
/* End XCBuildConfiguration section */

/* Begin XCConfigurationList section */
		AAFC9EF221D6ACD600CABC17 /* Build configuration list for PBXProject "Hlaihel_Amin_GiftGenerator" */ = {
			isa = XCConfigurationList;
			buildConfigurations = (
				AAFC9F0721D6ACE000CABC17 /* Debug */,
				AAFC9F0821D6ACE000CABC17 /* Release */,
			);
			defaultConfigurationIsVisible = 0;
			defaultConfigurationName = Release;
		};
		AAFC9F0921D6ACE000CABC17 /* Build configuration list for PBXNativeTarget "Hlaihel_Amin_GiftGenerator" */ = {
			isa = XCConfigurationList;
			buildConfigurations = (
				AAFC9F0A21D6ACE000CABC17 /* Debug */,
				AAFC9F0B21D6ACE000CABC17 /* Release */,
			);
			defaultConfigurationIsVisible = 0;
			defaultConfigurationName = Release;
		};
/* End XCConfigurationList section */
	};
	rootObject = AAFC9EEF21D6ACD600CABC17 /* Project object */;
}
